
Microsoft Visual Studio Solution File, Format Version 12.00
# Visual Studio Version 16
VisualStudioVersion = 16.0.29123.88
MinimumVisualStudioVersion = 10.0.40219.1
Project("{FAE04EC0-301F-11D3-BF4B-00C04F79EFBC}") = "UDPClientCommunication", "UDPClientServerCommunication\UDPClientCommunication.csproj", "{E5B06AA2-C28A-4FDD-A057-8C6EBE3554C0}"
EndProject
Project("{FAE04EC0-301F-11D3-BF4B-00C04F79EFBC}") = "UDPServerComunication", "UDPServerComunication\UDPServerComunication.csproj", "{F91FBCB2-3681-4D3F-B672-1EAD3547EFE4}"
EndProject
Project("{9A19103F-16F7-4668-BE54-9A1E7A4F7556}") = "SocketConnection", "SocketConnection\SocketConnection.csproj", "{218C1E30-D2D7-4872-8996-81920BF89976}"
EndProject
Global
	GlobalSection(SolutionConfigurationPlatforms) = preSolution
		Debug|Any CPU = Debug|Any CPU
		Release|Any CPU = Release|Any CPU
	EndGlobalSection
	GlobalSection(ProjectConfigurationPlatforms) = postSolution
		{E5B06AA2-C28A-4FDD-A057-8C6EBE3554C0}.Debug|Any CPU.ActiveCfg = Debug|Any CPU
		{E5B06AA2-C28A-4FDD-A057-8C6EBE3554C0}.Debug|Any CPU.Build.0 = Debug|Any CPU
		{E5B06AA2-C28A-4FDD-A057-8C6EBE3554C0}.Release|Any CPU.ActiveCfg = Release|Any CPU
		{E5B06AA2-C28A-4FDD-A057-8C6EBE3554C0}.Release|Any CPU.Build.0 = Release|Any CPU
		{F91FBCB2-3681-4D3F-B672-1EAD3547EFE4}.Debug|Any CPU.ActiveCfg = Debug|Any CPU
		{F91FBCB2-3681-4D3F-B672-1EAD3547EFE4}.Debug|Any CPU.Build.0 = Debug|Any CPU
		{F91FBCB2-3681-4D3F-B672-1EAD3547EFE4}.Release|Any CPU.ActiveCfg = Release|Any CPU
		{F91FBCB2-3681-4D3F-B672-1EAD3547EFE4}.Release|Any CPU.Build.0 = Release|Any CPU
		{218C1E30-D2D7-4872-8996-81920BF89976}.Debug|Any CPU.ActiveCfg = Debug|Any CPU
		{218C1E30-D2D7-4872-8996-81920BF89976}.Debug|Any CPU.Build.0 = Debug|Any CPU
		{218C1E30-D2D7-4872-8996-81920BF89976}.Release|Any CPU.ActiveCfg = Release|Any CPU
		{218C1E30-D2D7-4872-8996-81920BF89976}.Release|Any CPU.Build.0 = Release|Any CPU
	EndGlobalSection
	GlobalSection(SolutionProperties) = preSolution
		HideSolutionNode = FALSE
	EndGlobalSection
	GlobalSection(ExtensibilityGlobals) = postSolution
		SolutionGuid = {82AB101C-F99B-4050-B07B-2BD5D6E160A7}
	EndGlobalSection
EndGlobal
